[[tools."github:PowerShell/PowerShell"]]
version = "7.5.4"
backend = 'github:PowerShell/PowerShell[platforms={ linux-x64 = { asset_pattern = "powershell-*-linux-x64.tar.gz" }, macos-arm64 = { asset_pattern = "powershell-*-osx-arm64.tar.gz" }, windows-x64 = { asset_pattern = "PowerShell-*-win-x64.zip" } }]'

[tools."github:PowerShell/PowerShell".platforms.windows-x64]
checksum = "sha256:b40d192ae95ba6ccc4cc362ff4e1b18ca6fb5055bebbcd3920684e12701fa8f6"
name = "PowerShell-7.5.4-win-x64.zip"
size = 115200099
url = "https://github.com/PowerShell/PowerShell/releases/download/v7.5.4/PowerShell-7.5.4-win-x64.zip"
url_api = "https://api.github.com/repos/PowerShell/PowerShell/releases/assets/305232969"

[[tools."github:koalaman/shellcheck"]]
version = "0.11.0"
backend = 'github:koalaman/shellcheck[platforms={ linux-x64 = { asset_pattern = "shellcheck-*.linux.armv6hf.tar.xz" }, macos-arm64 = { asset_pattern = "shellcheck-*.linux.x86_64.tar.xz" }, windows-x64 = { asset_pattern = "shellcheck-*.zip" } }]'

[[tools.node]]
version = "25.2.1"
backend = "core:node"

[tools.node.platforms.windows-x64]
checksum = "sha256:f97ba75ead7720652f3925d9cf8661e083a28c6b98ea77acc83903d77a9dd688"
size = 36700021
url = "https://nodejs.org/dist/v25.2.1/node-v25.2.1-win-x64.zip"

[[tools.python]]
version = "3.11.14"
backend = "core:python"

[[tools.uv]]
version = "0.9.10"
backend = "aqua:astral-sh/uv"

[tools.uv.platforms.windows-x64]
checksum = "sha256:bf5a9bb171e90bc612c7acebfb560693d04dba1d1009c297b83da23155218607"
size = 20720100
url = "https://github.com/astral-sh/uv/releases/download/0.9.10/uv-x86_64-pc-windows-msvc.zip"
